{
  "name": "ethers-cli",
  "version": "1.0.0",
  "lockfileVersion": 1,
  "requires": true,
  "dependencies": {
    "@ethersproject/abi": {
      "version": "5.0.0-beta.145",
      "resolved": "https://registry.npmjs.org/@ethersproject/abi/-/abi-5.0.0-beta.145.tgz",
      "integrity": "sha512-buO1aiUe408qo8guMzwvzezUVKmQyhM21sbNaG8XrktrnxTNLvRghN1NYbtQi8Ov0ZT+P93VPz1whKu1Y2s2Xg==",
      "requires": {
        "@ethersproject/address": ">=5.0.0-beta.128",
        "@ethersproject/bignumber": ">=5.0.0-beta.130",
        "@ethersproject/bytes": ">=5.0.0-beta.129",
        "@ethersproject/constants": ">=5.0.0-beta.128",
        "@ethersproject/hash": ">=5.0.0-beta.128",
        "@ethersproject/keccak256": ">=5.0.0-beta.127",
        "@ethersproject/logger": ">=5.0.0-beta.129",
        "@ethersproject/properties": ">=5.0.0-beta.131",
        "@ethersproject/strings": ">=5.0.0-beta.130"
      }
    },
    "@ethersproject/abstract-provider": {
      "version": "5.0.0-beta.138",
      "resolved": "https://registry.npmjs.org/@ethersproject/abstract-provider/-/abstract-provider-5.0.0-beta.138.tgz",
      "integrity": "sha512-bIEBUMm62TxTF+zHOUHPfMQLf3gvN5cVR1Gyv5/LVuDz3UESgFTBHBpFLHPlW2/RLHDo7K0jx16a38vs6/r2gQ==",
      "requires": {
        "@ethersproject/bignumber": ">=5.0.0-beta.130",
        "@ethersproject/bytes": ">=5.0.0-beta.129",
        "@ethersproject/logger": ">=5.0.0-beta.129",
        "@ethersproject/networks": ">=5.0.0-beta.129",
        "@ethersproject/properties": ">=5.0.0-beta.131",
        "@ethersproject/transactions": ">=5.0.0-beta.128",
        "@ethersproject/web": ">=5.0.0-beta.129"
      }
    },
    "@ethersproject/abstract-signer": {
      "version": "5.0.0-beta.140",
      "resolved": "https://registry.npmjs.org/@ethersproject/abstract-signer/-/abstract-signer-5.0.0-beta.140.tgz",
      "integrity": "sha512-fROSxYPhtXqxK1y6/mJMpCUcjfUzCSuqNfACcPy2pwoOHMz1hsqS7m7HOEXy0HGAsQPw4fVuo4fywfA+Q62kmQ==",
      "requires": {
        "@ethersproject/abstract-provider": ">=5.0.0-beta.131",
        "@ethersproject/bignumber": ">=5.0.0-beta.130",
        "@ethersproject/bytes": ">=5.0.0-beta.129",
        "@ethersproject/logger": ">=5.0.0-beta.129",
        "@ethersproject/properties": ">=5.0.0-beta.131"
      }
    },
    "@ethersproject/address": {
      "version": "5.0.0-beta.134",
      "resolved": "https://registry.npmjs.org/@ethersproject/address/-/address-5.0.0-beta.134.tgz",
      "integrity": "sha512-FHhUVJTUIg2pXvOOhIt8sB1cQbcwrzZKzf9CPV7JM1auli20nGoYhyMFYGK7u++GXzTMJduIkU1OwlIBupewDw==",
      "requires": {
        "@ethersproject/bignumber": ">=5.0.0-beta.130",
        "@ethersproject/bytes": ">=5.0.0-beta.129",
        "@ethersproject/keccak256": ">=5.0.0-beta.127",
        "@ethersproject/logger": ">=5.0.0-beta.129",
        "@ethersproject/rlp": ">=5.0.0-beta.126",
        "bn.js": "^4.4.0"
      }
    },
    "@ethersproject/base64": {
      "version": "5.0.0-beta.131",
      "resolved": "https://registry.npmjs.org/@ethersproject/base64/-/base64-5.0.0-beta.131.tgz",
      "integrity": "sha512-pjgZZyDlGpSBkbuO87hnmVrOa92znIt5EIGBW1Mly5Nby8PU4YVwK3WoRP2vGd7hViNVLPCgfbmhh6LQhWK1sg==",
      "requires": {
        "@ethersproject/bytes": ">=5.0.0-beta.129"
      }
    },
    "@ethersproject/basex": {
      "version": "5.0.0-beta.132",
      "resolved": "https://registry.npmjs.org/@ethersproject/basex/-/basex-5.0.0-beta.132.tgz",
      "integrity": "sha512-BlTGjIW5O03Tl3cVrBWPYnSnhEdz7h3sAely82xDZPutUw9PyPy/PF7IN19iVNgv5ZKQlaDmQZ6M2OGzVOuIPw==",
      "requires": {
        "@ethersproject/bytes": ">=5.0.0-beta.129",
        "@ethersproject/properties": ">=5.0.0-beta.131"
      }
    },
    "@ethersproject/bignumber": {
      "version": "5.0.0-beta.135",
      "resolved": "https://registry.npmjs.org/@ethersproject/bignumber/-/bignumber-5.0.0-beta.135.tgz",
      "integrity": "sha512-7Tw2NgHzK7o+70bwyoaIZCbRycz+saWNU0sLOYnis3qYXwYsdTL+Rm0PMGA2v4jyHJt7BPS2pxGww+akVXbX+w==",
      "requires": {
        "@ethersproject/bytes": ">=5.0.0-beta.129",
        "@ethersproject/logger": ">=5.0.0-beta.129",
        "@ethersproject/properties": ">=5.0.0-beta.131",
        "bn.js": "^4.4.0"
      }
    },
    "@ethersproject/bytes": {
      "version": "5.0.0-beta.136",
      "resolved": "https://registry.npmjs.org/@ethersproject/bytes/-/bytes-5.0.0-beta.136.tgz",
      "integrity": "sha512-yoi5Ul16ScMHVNsf+oCDGaAnj+rtXxITcneXPeDl8h0rk1VNIqb1WKKvooD5WtM0oAglyauuDahHIF+4+5G/Sg==",
      "requires": {
        "@ethersproject/logger": ">=5.0.0-beta.129"
      }
    },
    "@ethersproject/constants": {
      "version": "5.0.0-beta.133",
      "resolved": "https://registry.npmjs.org/@ethersproject/constants/-/constants-5.0.0-beta.133.tgz",
      "integrity": "sha512-VCTpk3AF00mlWQw1vg+fI6qCo0qO5EVWK574t4HNBKW6X748jc9UJPryKUz9JgZ64ZQupyLM92wHilsG/YTpNQ==",
      "requires": {
        "@ethersproject/bignumber": ">=5.0.0-beta.130"
      }
    },
    "@ethersproject/contracts": {
      "version": "5.0.0-beta.143",
      "resolved": "https://registry.npmjs.org/@ethersproject/contracts/-/contracts-5.0.0-beta.143.tgz",
      "integrity": "sha512-xjWNlnbhfAkWxBW1ICi6l/O9iplf6GW8IlN57DddERCuzJnj3t2g3PinVTacH27ySqApnWF2FbFQIf0BRYp5hQ==",
      "requires": {
        "@ethersproject/abi": ">=5.0.0-beta.137",
        "@ethersproject/abstract-provider": ">=5.0.0-beta.131",
        "@ethersproject/abstract-signer": ">=5.0.0-beta.132",
        "@ethersproject/address": ">=5.0.0-beta.128",
        "@ethersproject/bignumber": ">=5.0.0-beta.130",
        "@ethersproject/bytes": ">=5.0.0-beta.129",
        "@ethersproject/constants": ">=5.0.0-beta.128",
        "@ethersproject/logger": ">=5.0.0-beta.129",
        "@ethersproject/properties": ">=5.0.0-beta.131",
        "@ethersproject/transactions": ">=5.0.0-beta.128"
      }
    },
    "@ethersproject/hash": {
      "version": "5.0.0-beta.133",
      "resolved": "https://registry.npmjs.org/@ethersproject/hash/-/hash-5.0.0-beta.133.tgz",
      "integrity": "sha512-tfF11QxFlJCy92rMtUZ0kImchWhlYXkN5Gj5cYfTcCdWEUKwNq1LljDnlrjV2JabO6s5enb8uiUj4RBTo2+Rgw==",
      "requires": {
        "@ethersproject/bytes": ">=5.0.0-beta.129",
        "@ethersproject/keccak256": ">=5.0.0-beta.127",
        "@ethersproject/logger": ">=5.0.0-beta.129",
        "@ethersproject/strings": ">=5.0.0-beta.130"
      }
    },
    "@ethersproject/hdnode": {
      "version": "5.0.0-beta.137",
      "resolved": "https://registry.npmjs.org/@ethersproject/hdnode/-/hdnode-5.0.0-beta.137.tgz",
      "integrity": "sha512-TDe57vm/tndbaSKi/NRgC0uAp4uVr60LurTAw+u6mG5ihZg9mlYgr15GxOXWTRiJfa3V3kQD8VsTpzlNMYHViw==",
      "requires": {
        "@ethersproject/abstract-signer": ">=5.0.0-beta.132",
        "@ethersproject/basex": ">=5.0.0-beta.127",
        "@ethersproject/bignumber": ">=5.0.0-beta.130",
        "@ethersproject/bytes": ">=5.0.0-beta.129",
        "@ethersproject/logger": ">=5.0.0-beta.129",
        "@ethersproject/pbkdf2": ">=5.0.0-beta.127",
        "@ethersproject/properties": ">=5.0.0-beta.131",
        "@ethersproject/sha2": ">=5.0.0-beta.129",
        "@ethersproject/signing-key": ">=5.0.0-beta.129",
        "@ethersproject/strings": ">=5.0.0-beta.130",
        "@ethersproject/transactions": ">=5.0.0-beta.128",
        "@ethersproject/wordlists": ">=5.0.0-beta.128"
      }
    },
    "@ethersproject/json-wallets": {
      "version": "5.0.0-beta.136",
      "resolved": "https://registry.npmjs.org/@ethersproject/json-wallets/-/json-wallets-5.0.0-beta.136.tgz",
      "integrity": "sha512-hO10rNY+m39lTjP6TWb91+rGx1flsde/LP5Ajx/mXeBwx2pLm8dWAv7h7XdymCeUvFgwVdDx2jAskm+9u1AN1Q==",
      "requires": {
        "@ethersproject/abstract-signer": ">=5.0.0-beta.132",
        "@ethersproject/address": ">=5.0.0-beta.128",
        "@ethersproject/bytes": ">=5.0.0-beta.129",
        "@ethersproject/hdnode": ">=5.0.0-beta.130",
        "@ethersproject/keccak256": ">=5.0.0-beta.127",
        "@ethersproject/logger": ">=5.0.0-beta.129",
        "@ethersproject/pbkdf2": ">=5.0.0-beta.127",
        "@ethersproject/properties": ">=5.0.0-beta.131",
        "@ethersproject/random": ">=5.0.0-beta.128",
        "@ethersproject/strings": ">=5.0.0-beta.130",
        "@ethersproject/transactions": ">=5.0.0-beta.128",
        "aes-js": "3.0.0",
        "scrypt-js": "3.0.0",
        "uuid": "2.0.1"
      }
    },
    "@ethersproject/keccak256": {
      "version": "5.0.0-beta.131",
      "resolved": "https://registry.npmjs.org/@ethersproject/keccak256/-/keccak256-5.0.0-beta.131.tgz",
      "integrity": "sha512-KQnqMwGV0IMOjAr/UTFO8DuLrmN1uaMvcV3zh9hiXhh3rCuY+WXdeUh49w1VQ94kBKmaP0qfGb7z4SdhUWUHjw==",
      "requires": {
        "@ethersproject/bytes": ">=5.0.0-beta.129",
        "js-sha3": "0.5.7"
      }
    },
    "@ethersproject/logger": {
      "version": "5.0.0-beta.134",
      "resolved": "https://registry.npmjs.org/@ethersproject/logger/-/logger-5.0.0-beta.134.tgz",
      "integrity": "sha512-0nqZqf12/dCNfUhmpSvJweW6xQk9ixqgo/Fy3bVMbGKbuzezZtKPphGB5ibspvimWrVK7U6jLBTKHgRQKjU8Lg=="
    },
    "@ethersproject/networks": {
      "version": "5.0.0-beta.135",
      "resolved": "https://registry.npmjs.org/@ethersproject/networks/-/networks-5.0.0-beta.135.tgz",
      "integrity": "sha512-9wesbAlsewNe0dU8B/lhK449GZml+08Opjf6nFpcV8BwWlYnPLs7EnOsK3GpMM0KDPZlksVYltyq+X1B7YxOcA==",
      "requires": {
        "@ethersproject/logger": ">=5.0.0-beta.129"
      }
    },
    "@ethersproject/pbkdf2": {
      "version": "5.0.0-beta.133",
      "resolved": "https://registry.npmjs.org/@ethersproject/pbkdf2/-/pbkdf2-5.0.0-beta.133.tgz",
      "integrity": "sha512-dOOiJSuPyQWoTexbXugVQY75vZbsediR+d1UhEfnPkKavAuks/o5mRyKYSO/EXY0qwWH01xCUEjg0RWGm93kCQ==",
      "requires": {
        "@ethersproject/bytes": ">=5.0.0-beta.129",
        "@ethersproject/sha2": ">=5.0.0-beta.129"
      }
    },
    "@ethersproject/properties": {
      "version": "5.0.0-beta.137",
      "resolved": "https://registry.npmjs.org/@ethersproject/properties/-/properties-5.0.0-beta.137.tgz",
      "integrity": "sha512-AcvoVmV0aXixa7SxaPj237OAIEXl/UMJf4vl2yFNzWjf77mMyZaZoKLLOh2zes++mLeQ3EJEIebSWFm06L5NuA==",
      "requires": {
        "@ethersproject/logger": ">=5.0.0-beta.129"
      }
    },
    "@ethersproject/providers": {
      "version": "5.0.0-beta.153",
      "resolved": "https://registry.npmjs.org/@ethersproject/providers/-/providers-5.0.0-beta.153.tgz",
      "integrity": "sha512-FJ/dNM5fj25m1XAEJzdC1B6GM9On3eRn/Vls6cUcSBWTOfKsTRf0uRSkBq1kNbPdx3lF0zQT4xIVmCCklA+DaQ==",
      "requires": {
        "@ethersproject/abstract-provider": ">=5.0.0-beta.131",
        "@ethersproject/abstract-signer": ">=5.0.0-beta.132",
        "@ethersproject/address": ">=5.0.0-beta.128",
        "@ethersproject/bignumber": ">=5.0.0-beta.130",
        "@ethersproject/bytes": ">=5.0.0-beta.129",
        "@ethersproject/constants": ">=5.0.0-beta.128",
        "@ethersproject/hash": ">=5.0.0-beta.128",
        "@ethersproject/logger": ">=5.0.0-beta.129",
        "@ethersproject/networks": ">=5.0.0-beta.129",
        "@ethersproject/properties": ">=5.0.0-beta.131",
        "@ethersproject/random": ">=5.0.0-beta.128",
        "@ethersproject/rlp": ">=5.0.0-beta.126",
        "@ethersproject/strings": ">=5.0.0-beta.130",
        "@ethersproject/transactions": ">=5.0.0-beta.128",
        "@ethersproject/web": ">=5.0.0-beta.129"
      }
    },
    "@ethersproject/random": {
      "version": "5.0.0-beta.133",
      "resolved": "https://registry.npmjs.org/@ethersproject/random/-/random-5.0.0-beta.133.tgz",
      "integrity": "sha512-walmaJK9MWy02I0SAHmv5Dg8His0Vn4x/ehqlu081z5gpm0WRo9H+3tlhaHQzAI0aK6B3mRV0bsG+PvWRh41Jg==",
      "requires": {
        "@ethersproject/bytes": ">=5.0.0-beta.129",
        "@ethersproject/logger": ">=5.0.0-beta.129"
      }
    },
    "@ethersproject/rlp": {
      "version": "5.0.0-beta.131",
      "resolved": "https://registry.npmjs.org/@ethersproject/rlp/-/rlp-5.0.0-beta.131.tgz",
      "integrity": "sha512-sUJUGbywlnuk2frkSWzWiGenTrwOnrKQaNKJqjCGmK35x0WIzcR4/1gC6jWa0hpWJT6Seq6J6SCT5CS+ZWCFNw==",
      "requires": {
        "@ethersproject/bytes": ">=5.0.0-beta.129"
      }
    },
    "@ethersproject/sha2": {
      "version": "5.0.0-beta.134",
      "resolved": "https://registry.npmjs.org/@ethersproject/sha2/-/sha2-5.0.0-beta.134.tgz",
      "integrity": "sha512-N/4c+erhRzfGSgOa8vSDUsorL/k/3NNubR5mwrthufMyvmfAsZDizkMPnRqC4HLy39jSmD35c8FFAEC8ebTd0w==",
      "requires": {
        "@ethersproject/bytes": ">=5.0.0-beta.129",
        "@ethersproject/logger": ">=5.0.0-beta.129",
        "hash.js": "1.1.3"
      },
      "dependencies": {
        "hash.js": {
          "version": "1.1.3",
          "resolved": "https://registry.npmjs.org/hash.js/-/hash.js-1.1.3.tgz",
          "integrity": "sha512-/UETyP0W22QILqS+6HowevwhEFJ3MBJnwTf75Qob9Wz9t0DPuisL8kW8YZMK62dHAKE1c1p+gY1TtOLY+USEHA==",
          "requires": {
            "inherits": "^2.0.3",
            "minimalistic-assert": "^1.0.0"
          }
        }
      }
    },
    "@ethersproject/signing-key": {
      "version": "5.0.0-beta.135",
      "resolved": "https://registry.npmjs.org/@ethersproject/signing-key/-/signing-key-5.0.0-beta.135.tgz",
      "integrity": "sha512-D4w5svi8F8eYs+LTuroKzOR8le6ZKtmH/mDmtuz15vz3XdOkLPGVne5mqqqLJd8APBnOEDtsAqmg7ZCrAk8Mag==",
      "requires": {
        "@ethersproject/bytes": ">=5.0.0-beta.129",
        "@ethersproject/logger": ">=5.0.0-beta.129",
        "@ethersproject/properties": ">=5.0.0-beta.131",
        "elliptic": "6.5.2"
      }
    },
    "@ethersproject/solidity": {
      "version": "5.0.0-beta.131",
      "resolved": "https://registry.npmjs.org/@ethersproject/solidity/-/solidity-5.0.0-beta.131.tgz",
      "integrity": "sha512-i5vuj2CXGMkVPo08bmElC2cvhjRDNRZZ8nzvx2WCi75Zh42xD0XNV77E9ZLYgS0WoZSiAi/F71nXSBnM7FAqJg==",
      "requires": {
        "@ethersproject/bignumber": ">=5.0.0-beta.130",
        "@ethersproject/bytes": ">=5.0.0-beta.129",
        "@ethersproject/keccak256": ">=5.0.0-beta.127",
        "@ethersproject/sha2": ">=5.0.0-beta.129",
        "@ethersproject/strings": ">=5.0.0-beta.130"
      }
    },
    "@ethersproject/strings": {
      "version": "5.0.0-beta.136",
      "resolved": "https://registry.npmjs.org/@ethersproject/strings/-/strings-5.0.0-beta.136.tgz",
      "integrity": "sha512-Hb9RvTrgGcOavHvtQZz+AuijB79BO3g1cfF2MeMfCU9ID4j3mbZv/olzDMS2pK9r4aERJpAS94AmlWzCgoY2LQ==",
      "requires": {
        "@ethersproject/bytes": ">=5.0.0-beta.129",
        "@ethersproject/constants": ">=5.0.0-beta.128",
        "@ethersproject/logger": ">=5.0.0-beta.129"
      }
    },
    "@ethersproject/transactions": {
      "version": "5.0.0-beta.134",
      "resolved": "https://registry.npmjs.org/@ethersproject/transactions/-/transactions-5.0.0-beta.134.tgz",
      "integrity": "sha512-06VxNv6UHds153Ey3WJ2YDPReNkwmIm8fyuJOXRZ6IoYh5ns5CfR4fkmHSBtw7+/KIVjmRoMQZ4Yg/tcGmzz0A==",
      "requires": {
        "@ethersproject/address": ">=5.0.0-beta.128",
        "@ethersproject/bignumber": ">=5.0.0-beta.130",
        "@ethersproject/bytes": ">=5.0.0-beta.129",
        "@ethersproject/constants": ">=5.0.0-beta.128",
        "@ethersproject/keccak256": ">=5.0.0-beta.127",
        "@ethersproject/logger": ">=5.0.0-beta.129",
        "@ethersproject/properties": ">=5.0.0-beta.131",
        "@ethersproject/rlp": ">=5.0.0-beta.126",
        "@ethersproject/signing-key": ">=5.0.0-beta.129"
      }
    },
    "@ethersproject/units": {
      "version": "5.0.0-beta.132",
      "resolved": "https://registry.npmjs.org/@ethersproject/units/-/units-5.0.0-beta.132.tgz",
      "integrity": "sha512-3GZDup1uTydvqaP5wpwoRF36irp6kx/gd3buPG+aoGWLPCoPjyk76OiGoxNQKfEaynOdZ7zG2lM8WevlBDJ57g==",
      "requires": {
        "@ethersproject/bignumber": ">=5.0.0-beta.130",
        "@ethersproject/constants": ">=5.0.0-beta.128",
        "@ethersproject/logger": ">=5.0.0-beta.129"
      }
    },
    "@ethersproject/wallet": {
      "version": "5.0.0-beta.137",
      "resolved": "https://registry.npmjs.org/@ethersproject/wallet/-/wallet-5.0.0-beta.137.tgz",
      "integrity": "sha512-L5Ms3Rdq5LYpTHXRqZ17rdIKlbVlRUbncHtp1bMa+W7VGZJoQEWSLXtqN+q0u6Lx+w2Cg1sHvXqL+i66TRhDkw==",
      "requires": {
        "@ethersproject/abstract-provider": ">=5.0.0-beta.131",
        "@ethersproject/abstract-signer": ">=5.0.0-beta.132",
        "@ethersproject/address": ">=5.0.0-beta.128",
        "@ethersproject/bignumber": ">=5.0.0-beta.130",
        "@ethersproject/bytes": ">=5.0.0-beta.129",
        "@ethersproject/hash": ">=5.0.0-beta.128",
        "@ethersproject/hdnode": ">=5.0.0-beta.130",
        "@ethersproject/json-wallets": ">=5.0.0-beta.129",
        "@ethersproject/keccak256": ">=5.0.0-beta.127",
        "@ethersproject/logger": ">=5.0.0-beta.129",
        "@ethersproject/properties": ">=5.0.0-beta.131",
        "@ethersproject/random": ">=5.0.0-beta.128",
        "@ethersproject/signing-key": ">=5.0.0-beta.129",
        "@ethersproject/transactions": ">=5.0.0-beta.128",
        "@ethersproject/wordlists": ">=5.0.0-beta.128"
      }
    },
    "@ethersproject/web": {
      "version": "5.0.0-beta.135",
      "resolved": "https://registry.npmjs.org/@ethersproject/web/-/web-5.0.0-beta.135.tgz",
      "integrity": "sha512-5g0jGtQvLeU/O0KTlp9cqm5PpuDUZzopJaO8LxZpFW9t+5uVuBcJe8uoA8z+OsAnsRKPc6bGBc9esrWEW0hKLw==",
      "requires": {
        "@ethersproject/base64": ">=5.0.0-beta.126",
        "@ethersproject/logger": ">=5.0.0-beta.129",
        "@ethersproject/properties": ">=5.0.0-beta.131",
        "@ethersproject/strings": ">=5.0.0-beta.130",
        "cross-fetch": "3.0.4"
      }
    },
    "@ethersproject/wordlists": {
      "version": "5.0.0-beta.135",
      "resolved": "https://registry.npmjs.org/@ethersproject/wordlists/-/wordlists-5.0.0-beta.135.tgz",
      "integrity": "sha512-hGwIme0in4cJrhdumTJVc1OLEa7S/oxALMOION4C+31yKFdWfX00dOXi6aqokWkGaUQXvmHz4r9/GhfqzoB2Qg==",
      "requires": {
        "@ethersproject/bytes": ">=5.0.0-beta.129",
        "@ethersproject/hash": ">=5.0.0-beta.128",
        "@ethersproject/logger": ">=5.0.0-beta.129",
        "@ethersproject/properties": ">=5.0.0-beta.131",
        "@ethersproject/strings": ">=5.0.0-beta.130"
      }
    },
    "@types/color-name": {
      "version": "1.1.1",
      "resolved": "https://registry.npmjs.org/@types/color-name/-/color-name-1.1.1.tgz",
      "integrity": "sha512-rr+OQyAjxze7GgWrSaJwydHStIhHq2lvY3BOC2Mj7KnzI7XK0Uw1TOOdI9lDoajEbSWLiYgoo4f1R51erQfhPQ=="
    },
    "aes-js": {
      "version": "3.0.0",
      "resolved": "https://registry.npmjs.org/aes-js/-/aes-js-3.0.0.tgz",
      "integrity": "sha1-4h3xCtbCBTKVvLuNq0Cwnb6ofk0="
    },
    "ansi-regex": {
      "version": "5.0.1",
      "resolved": "https://registry.npmjs.org/ansi-regex/-/ansi-regex-5.0.1.tgz",
      "integrity": "sha512-quJQXlTSUGL2LH9SUXo8VwsY4soanhgo6LNSm84E1LBcE8s3O0wpdiRzyR9z/ZZJMlMWv37qOOb9pdJlMUEKFQ=="
    },
    "ansi-styles": {
      "version": "4.2.1",
      "resolved": "https://registry.npmjs.org/ansi-styles/-/ansi-styles-4.2.1.tgz",
      "integrity": "sha512-9VGjrMsG1vePxcSweQsN20KY/c4zN0h9fLjqAbwbPfahM3t+NL+M9HC8xeXG2I8pX5NoamTGNuomEUFI7fcUjA==",
      "requires": {
        "@types/color-name": "^1.1.1",
        "color-convert": "^2.0.1"
      }
    },
    "bn.js": {
      "version": "4.11.8",
      "resolved": "https://registry.npmjs.org/bn.js/-/bn.js-4.11.8.tgz",
      "integrity": "sha512-ItfYfPLkWHUjckQCk8xC+LwxgK8NYcXywGigJgSwOP8Y2iyWT4f2vsZnoOXTTbo+o5yXmIUJ4gn5538SO5S3gA=="
    },
    "brorand": {
      "version": "1.1.0",
      "resolved": "https://registry.npmjs.org/brorand/-/brorand-1.1.0.tgz",
      "integrity": "sha1-EsJe/kCkXjwyPrhnWgoM5XsiNx8="
    },
    "camelcase": {
      "version": "5.3.1",
      "resolved": "https://registry.npmjs.org/camelcase/-/camelcase-5.3.1.tgz",
      "integrity": "sha512-L28STB170nwWS63UjtlEOE3dldQApaJXZkOI1uMFfzf3rRuPegHaHesyee+YxQ+W6SvRDQV6UrdOdRiR153wJg=="
    },
    "cliui": {
      "version": "6.0.0",
      "resolved": "https://registry.npmjs.org/cliui/-/cliui-6.0.0.tgz",
      "integrity": "sha512-t6wbgtoCXvAzst7QgXxJYqPt0usEfbgQdftEPbLL/cvv6HPE5VgvqCuAIDR0NgU52ds6rFwqrgakNLrHEjCbrQ==",
      "requires": {
        "string-width": "^4.2.0",
        "strip-ansi": "^6.0.0",
        "wrap-ansi": "^6.2.0"
      }
    },
    "color-convert": {
      "version": "2.0.1",
      "resolved": "https://registry.npmjs.org/color-convert/-/color-convert-2.0.1.tgz",
      "integrity": "sha512-RRECPsj7iu/xb5oKYcsFHSppFNnsj/52OVTRKb4zP5onXwVF3zVmmToNcOfGC+CRDpfK/U584fMg38ZHCaElKQ==",
      "requires": {
        "color-name": "~1.1.4"
      }
    },
    "color-name": {
      "version": "1.1.4",
      "resolved": "https://registry.npmjs.org/color-name/-/color-name-1.1.4.tgz",
      "integrity": "sha512-dOy+3AuW3a2wNbZHIuMZpTcgjGuLU/uBL/ubcZF9OXbDo8ff4O8yVp5Bf0efS8uEoYo5q4Fx7dY9OgQGXgAsQA=="
    },
    "cross-fetch": {
      "version": "3.0.4",
      "resolved": "https://registry.npmjs.org/cross-fetch/-/cross-fetch-3.0.4.tgz",
      "integrity": "sha512-MSHgpjQqgbT/94D4CyADeNoYh52zMkCX4pcJvPP5WqPsLFMKjr2TCMg381ox5qI0ii2dPwaLx/00477knXqXVw==",
      "requires": {
        "node-fetch": "2.6.0",
        "whatwg-fetch": "3.0.0"
      }
    },
    "decamelize": {
      "version": "1.2.0",
      "resolved": "https://registry.npmjs.org/decamelize/-/decamelize-1.2.0.tgz",
      "integrity": "sha1-9lNNFRSCabIDUue+4m9QH5oZEpA="
    },
    "elliptic": {
      "version": "6.5.2",
      "resolved": "https://registry.npmjs.org/elliptic/-/elliptic-6.5.2.tgz",
      "integrity": "sha512-f4x70okzZbIQl/NSRLkI/+tteV/9WqL98zx+SQ69KbXxmVrmjwsNUPn/gYJJ0sHvEak24cZgHIPegRePAtA/xw==",
      "requires": {
        "bn.js": "^4.4.0",
        "brorand": "^1.0.1",
        "hash.js": "^1.0.0",
        "hmac-drbg": "^1.0.0",
        "inherits": "^2.0.1",
        "minimalistic-assert": "^1.0.0",
        "minimalistic-crypto-utils": "^1.0.0"
      }
    },
    "emoji-regex": {
      "version": "8.0.0",
      "resolved": "https://registry.npmjs.org/emoji-regex/-/emoji-regex-8.0.0.tgz",
      "integrity": "sha512-MSjYzcWNOA0ewAHpz0MxpYFvwg6yjy1NG3xteoqz644VCo/RPgnr1/GGt+ic3iJTzQ8Eu3TdM14SawnVUmGE6A=="
    },
    "ethers": {
      "version": "5.0.0-beta.173",
      "resolved": "https://registry.npmjs.org/ethers/-/ethers-5.0.0-beta.173.tgz",
      "integrity": "sha512-wAj6vYXL6Kgm6baLCZRJukMo/4DmHe7lMd0xLZhtc7PJbgJwiTGwjfpGxLSoj0EWFh69o0TXVQ0PDNgvfWjDyw==",
      "requires": {
        "@ethersproject/abi": ">=5.0.0-beta.137",
        "@ethersproject/abstract-provider": ">=5.0.0-beta.131",
        "@ethersproject/abstract-signer": ">=5.0.0-beta.132",
        "@ethersproject/address": ">=5.0.0-beta.128",
        "@ethersproject/base64": ">=5.0.0-beta.126",
        "@ethersproject/bignumber": ">=5.0.0-beta.130",
        "@ethersproject/bytes": ">=5.0.0-beta.129",
        "@ethersproject/constants": ">=5.0.0-beta.128",
        "@ethersproject/contracts": ">=5.0.0-beta.137",
        "@ethersproject/hash": ">=5.0.0-beta.128",
        "@ethersproject/hdnode": ">=5.0.0-beta.130",
        "@ethersproject/json-wallets": ">=5.0.0-beta.129",
        "@ethersproject/keccak256": ">=5.0.0-beta.127",
        "@ethersproject/logger": ">=5.0.0-beta.129",
        "@ethersproject/networks": ">=5.0.0-beta.129",
        "@ethersproject/pbkdf2": ">=5.0.0-beta.127",
        "@ethersproject/properties": ">=5.0.0-beta.131",
        "@ethersproject/providers": ">=5.0.0-beta.141",
        "@ethersproject/random": ">=5.0.0-beta.128",
        "@ethersproject/rlp": ">=5.0.0-beta.126",
        "@ethersproject/sha2": ">=5.0.0-beta.129",
        "@ethersproject/signing-key": ">=5.0.0-beta.129",
        "@ethersproject/solidity": ">=5.0.0-beta.126",
        "@ethersproject/strings": ">=5.0.0-beta.130",
        "@ethersproject/transactions": ">=5.0.0-beta.128",
        "@ethersproject/units": ">=5.0.0-beta.127",
        "@ethersproject/wallet": ">=5.0.0-beta.130",
        "@ethersproject/web": ">=5.0.0-beta.129",
        "@ethersproject/wordlists": ">=5.0.0-beta.128"
      }
    },
    "find-up": {
      "version": "4.1.0",
      "resolved": "https://registry.npmjs.org/find-up/-/find-up-4.1.0.tgz",
      "integrity": "sha512-PpOwAdQ/YlXQ2vj8a3h8IipDuYRi3wceVQQGYWxNINccq40Anw7BlsEXCMbt1Zt+OLA6Fq9suIpIWD0OsnISlw==",
      "requires": {
        "locate-path": "^5.0.0",
        "path-exists": "^4.0.0"
      }
    },
    "get-caller-file": {
      "version": "2.0.5",
      "resolved": "https://registry.npmjs.org/get-caller-file/-/get-caller-file-2.0.5.tgz",
      "integrity": "sha512-DyFP3BM/3YHTQOCUL/w0OZHR0lpKeGrxotcHWcqNEdnltqFwXVfhEBQ94eIo34AfQpo0rGki4cyIiftY06h2Fg=="
    },
    "hash.js": {
      "version": "1.1.7",
      "resolved": "https://registry.npmjs.org/hash.js/-/hash.js-1.1.7.tgz",
      "integrity": "sha512-taOaskGt4z4SOANNseOviYDvjEJinIkRgmp7LbKP2YTTmVxWBl87s/uzK9r+44BclBSp2X7K1hqeNfz9JbBeXA==",
      "requires": {
        "inherits": "^2.0.3",
        "minimalistic-assert": "^1.0.1"
      }
    },
    "hmac-drbg": {
      "version": "1.0.1",
      "resolved": "https://registry.npmjs.org/hmac-drbg/-/hmac-drbg-1.0.1.tgz",
      "integrity": "sha1-0nRXAQJabHdabFRXk+1QL8DGSaE=",
      "requires": {
        "hash.js": "^1.0.3",
        "minimalistic-assert": "^1.0.0",
        "minimalistic-crypto-utils": "^1.0.1"
      }
    },
    "inherits": {
      "version": "2.0.4",
      "resolved": "https://registry.npmjs.org/inherits/-/inherits-2.0.4.tgz",
      "integrity": "sha512-k/vGaX4/Yla3WzyMCvTQOXYeIHvqOKtnqBduzTHpzpQZzAskKMhZ2K+EnBiSM9zGSoIFeMpXKxa4dYeZIQqewQ=="
    },
    "is-fullwidth-code-point": {
      "version": "3.0.0",
      "resolved": "https://registry.npmjs.org/is-fullwidth-code-point/-/is-fullwidth-code-point-3.0.0.tgz",
      "integrity": "sha512-zymm5+u+sCsSWyD9qNaejV3DFvhCKclKdizYaJUuHA83RLjb7nSuGnddCHGv0hk+KY7BMAlsWeK4Ueg6EV6XQg=="
    },
    "js-sha3": {
      "version": "0.5.7",
      "resolved": "https://registry.npmjs.org/js-sha3/-/js-sha3-0.5.7.tgz",
      "integrity": "sha1-DU/9gALVMzqrr0oj7tL2N0yfKOc="
    },
    "locate-path": {
      "version": "5.0.0",
      "resolved": "https://registry.npmjs.org/locate-path/-/locate-path-5.0.0.tgz",
      "integrity": "sha512-t7hw9pI+WvuwNJXwk5zVHpyhIqzg2qTlklJOf0mVxGSbe3Fp2VieZcduNYjaLDoy6p9uGpQEGWG87WpMKlNq8g==",
      "requires": {
        "p-locate": "^4.1.0"
      }
    },
    "minimalistic-assert": {
      "version": "1.0.1",
      "resolved": "https://registry.npmjs.org/minimalistic-assert/-/minimalistic-assert-1.0.1.tgz",
      "integrity": "sha512-UtJcAD4yEaGtjPezWuO9wC4nwUnVH/8/Im3yEHQP4b67cXlD/Qr9hdITCU1xDbSEXg2XKNaP8jsReV7vQd00/A=="
    },
    "minimalistic-crypto-utils": {
      "version": "1.0.1",
      "resolved": "https://registry.npmjs.org/minimalistic-crypto-utils/-/minimalistic-crypto-utils-1.0.1.tgz",
      "integrity": "sha1-9sAMHAsIIkblxNmd+4x8CDsrWCo="
    },
    "node-fetch": {
      "version": "2.6.0",
      "resolved": "https://registry.npmjs.org/node-fetch/-/node-fetch-2.6.0.tgz",
      "integrity": "sha512-8dG4H5ujfvFiqDmVu9fQ5bOHUC15JMjMY/Zumv26oOvvVJjM67KF8koCWIabKQ1GJIa9r2mMZscBq/TbdOcmNA=="
    },
    "p-limit": {
      "version": "2.2.2",
      "resolved": "https://registry.npmjs.org/p-limit/-/p-limit-2.2.2.tgz",
      "integrity": "sha512-WGR+xHecKTr7EbUEhyLSh5Dube9JtdiG78ufaeLxTgpudf/20KqyMioIUZJAezlTIi6evxuoUs9YXc11cU+yzQ==",
      "requires": {
        "p-try": "^2.0.0"
      }
    },
    "p-locate": {
      "version": "4.1.0",
      "resolved": "https://registry.npmjs.org/p-locate/-/p-locate-4.1.0.tgz",
      "integrity": "sha512-R79ZZ/0wAxKGu3oYMlz8jy/kbhsNrS7SKZ7PxEHBgJ5+F2mtFW2fK2cOtBh1cHYkQsbzFV7I+EoRKe6Yt0oK7A==",
      "requires": {
        "p-limit": "^2.2.0"
      }
    },
    "p-try": {
      "version": "2.2.0",
      "resolved": "https://registry.npmjs.org/p-try/-/p-try-2.2.0.tgz",
      "integrity": "sha512-R4nPAVTAU0B9D35/Gk3uJf/7XYbQcyohSKdvAxIRSNghFl4e71hVoGnBNQz9cWaXxO2I10KTC+3jMdvvoKw6dQ=="
    },
    "path-exists": {
      "version": "4.0.0",
      "resolved": "https://registry.npmjs.org/path-exists/-/path-exists-4.0.0.tgz",
      "integrity": "sha512-ak9Qy5Q7jYb2Wwcey5Fpvg2KoAc/ZIhLSLOSBmRmygPsGwkVVt0fZa0qrtMz+m6tJTAHfZQ8FnmB4MG4LWy7/w=="
    },
    "require-directory": {
      "version": "2.1.1",
      "resolved": "https://registry.npmjs.org/require-directory/-/require-directory-2.1.1.tgz",
      "integrity": "sha1-jGStX9MNqxyXbiNE/+f3kqam30I="
    },
    "require-main-filename": {
      "version": "2.0.0",
      "resolved": "https://registry.npmjs.org/require-main-filename/-/require-main-filename-2.0.0.tgz",
      "integrity": "sha512-NKN5kMDylKuldxYLSUfrbo5Tuzh4hd+2E8NPPX02mZtn1VuREQToYe/ZdlJy+J3uCpfaiGF05e7B8W0iXbQHmg=="
    },
    "scrypt-js": {
      "version": "3.0.0",
      "resolved": "https://registry.npmjs.org/scrypt-js/-/scrypt-js-3.0.0.tgz",
      "integrity": "sha512-7CC7aufwukEvqdmllR0ny0QaSg0+S22xKXrXz3ZahaV6J+fgD2YAtrjtImuoDWog17/Ty9Q4HBmnXEXJ3JkfQA=="
    },
    "set-blocking": {
      "version": "2.0.0",
      "resolved": "https://registry.npmjs.org/set-blocking/-/set-blocking-2.0.0.tgz",
      "integrity": "sha1-BF+XgtARrppoA93TgrJDkrPYkPc="
    },
    "string-width": {
      "version": "4.2.0",
      "resolved": "https://registry.npmjs.org/string-width/-/string-width-4.2.0.tgz",
      "integrity": "sha512-zUz5JD+tgqtuDjMhwIg5uFVV3dtqZ9yQJlZVfq4I01/K5Paj5UHj7VyrQOJvzawSVlKpObApbfD0Ed6yJc+1eg==",
      "requires": {
        "emoji-regex": "^8.0.0",
        "is-fullwidth-code-point": "^3.0.0",
        "strip-ansi": "^6.0.0"
      }
    },
    "strip-ansi": {
      "version": "6.0.0",
      "resolved": "https://registry.npmjs.org/strip-ansi/-/strip-ansi-6.0.0.tgz",
      "integrity": "sha512-AuvKTrTfQNYNIctbR1K/YGTR1756GycPsg7b9bdV9Duqur4gv6aKqHXah67Z8ImS7WEz5QVcOtlfW2rZEugt6w==",
      "requires": {
        "ansi-regex": "^5.0.0"
      }
    },
    "uuid": {
      "version": "2.0.1",
      "resolved": "https://registry.npmjs.org/uuid/-/uuid-2.0.1.tgz",
      "integrity": "sha1-wqMN7bPlNdcsz4LjQ5QaULqFM6w="
    },
    "whatwg-fetch": {
      "version": "3.0.0",
      "resolved": "https://registry.npmjs.org/whatwg-fetch/-/whatwg-fetch-3.0.0.tgz",
      "integrity": "sha512-9GSJUgz1D4MfyKU7KRqwOjXCXTqWdFNvEr7eUBYchQiVc744mqK/MzXPNR2WsPkmkOa4ywfg8C2n8h+13Bey1Q=="
    },
    "which-module": {
      "version": "2.0.0",
      "resolved": "https://registry.npmjs.org/which-module/-/which-module-2.0.0.tgz",
      "integrity": "sha1-2e8H3Od7mQK4o6j6SzHD4/fm6Ho="
    },
    "wrap-ansi": {
      "version": "6.2.0",
      "resolved": "https://registry.npmjs.org/wrap-ansi/-/wrap-ansi-6.2.0.tgz",
      "integrity": "sha512-r6lPcBGxZXlIcymEu7InxDMhdW0KDxpLgoFLcguasxCaJ/SOIZwINatK9KY/tf+ZrlywOKU0UDj3ATXUBfxJXA==",
      "requires": {
        "ansi-styles": "^4.0.0",
        "string-width": "^4.1.0",
        "strip-ansi": "^6.0.0"
      }
    },
    "y18n": {
      "version": "4.0.3",
      "resolved": "https://registry.npmjs.org/y18n/-/y18n-4.0.3.tgz",
      "integrity": "sha512-JKhqTOwSrqNA1NY5lSztJ1GrBiUodLMmIZuLiDaMRJ+itFd+ABVE8XBjOvIWL+rSqNDC74LCSFmlb/U4UZ4hJQ=="
    },
    "yargs": {
      "version": "15.1.0",
      "resolved": "https://registry.npmjs.org/yargs/-/yargs-15.1.0.tgz",
      "integrity": "sha512-T39FNN1b6hCW4SOIk1XyTOWxtXdcen0t+XYrysQmChzSipvhBO8Bj0nK1ozAasdk24dNWuMZvr4k24nz+8HHLg==",
      "requires": {
        "cliui": "^6.0.0",
        "decamelize": "^1.2.0",
        "find-up": "^4.1.0",
        "get-caller-file": "^2.0.1",
        "require-directory": "^2.1.1",
        "require-main-filename": "^2.0.0",
        "set-blocking": "^2.0.0",
        "string-width": "^4.2.0",
        "which-module": "^2.0.0",
        "y18n": "^4.0.0",
        "yargs-parser": "^16.1.0"
      }
    },
    "yargs-parser": {
      "version": "16.1.0",
      "resolved": "https://registry.npmjs.org/yargs-parser/-/yargs-parser-16.1.0.tgz",
      "integrity": "sha512-H/V41UNZQPkUMIT5h5hiwg4QKIY1RPvoBV4XcjUbRM8Bk2oKqqyZ0DIEbTFZB0XjbtSPG8SAa/0DxCQmiRgzKg==",
      "requires": {
        "camelcase": "^5.0.0",
        "decamelize": "^1.2.0"
      }
    }
  }
}
